// !$*UTF8*$!
{
	archiveVersion = 1;
	classes = {
	};
	objectVersion = 46;
	objects = {

/* Begin PBXBuildFile section */
		28461B891AF543D3008DDA6D /* AppDelegate.swift in Sources */ = {isa = PBXBuildFile; fileRef = 28461B881AF543D3008DDA6D /* AppDelegate.swift */; };
		28461B8B1AF543D3008DDA6D /* ViewController.swift in Sources */ = {isa = PBXBuildFile; fileRef = 28461B8A1AF543D3008DDA6D /* ViewController.swift */; };
		28461B8E1AF543D3008DDA6D /* Main.storyboard in Resources */ = {isa = PBXBuildFile; fileRef = 28461B8C1AF543D3008DDA6D /* Main.storyboard */; };
		28461B901AF543D3008DDA6D /* Images.xcassets in Resources */ = {isa = PBXBuildFile; fileRef = 28461B8F1AF543D3008DDA6D /* Images.xcassets */; };
		28461B931AF543D3008DDA6D /* LaunchScreen.xib in Resources */ = {isa = PBXBuildFile; fileRef = 28461B911AF543D3008DDA6D /* LaunchScreen.xib */; };
		28461B9F1AF543D3008DDA6D /* CalculatorTests.swift in Sources */ = {isa = PBXBuildFile; fileRef = 28461B9E1AF543D3008DDA6D /* CalculatorTests.swift */; };
/* End PBXBuildFile section */

/* Begin PBXContainerItemProxy section */
		28461B991AF543D3008DDA6D /* PBXContainerItemProxy */ = {
			isa = PBXContainerItemProxy;
			containerPortal = 28461B7B1AF543D3008DDA6D /* Project object */;
			proxyType = 1;
			remoteGlobalIDString = 28461B821AF543D3008DDA6D;
			remoteInfo = Calculator;
		};
/* End PBXContainerItemProxy section */

/* Begin PBXFileReference section */
		28461B831AF543D3008DDA6D /* Calculator.app */ = {isa = PBXFileReference; explicitFileType = wrapper.application; includeInIndex = 0; path = Calculator.app; sourceTree = BUILT_PRODUCTS_DIR; };
		28461B871AF543D3008DDA6D /* Info.plist */ = {isa = PBXFileReference; lastKnownFileType = text.plist.xml; path = Info.plist; sourceTree = "<group>"; };
		28461B881AF543D3008DDA6D /* AppDelegate.swift */ = {isa = PBXFileReference; lastKnownFileType = sourcecode.swift; path = AppDelegate.swift; sourceTree = "<group>"; };
		28461B8A1AF543D3008DDA6D /* ViewController.swift */ = {isa = PBXFileReference; lastKnownFileType = sourcecode.swift; path = ViewController.swift; sourceTree = "<group>"; };
		28461B8D1AF543D3008DDA6D /* Base */ = {isa = PBXFileReference; lastKnownFileType = file.storyboard; name = Base; path = Base.lproj/Main.storyboard; sourceTree = "<group>"; };
		28461B8F1AF543D3008DDA6D /* Images.xcassets */ = {isa = PBXFileReference; lastKnownFileType = folder.assetcatalog; path = Images.xcassets; sourceTree = "<group>"; };
		28461B921AF543D3008DDA6D /* Base */ = {isa = PBXFileReference; lastKnownFileType = file.xib; name = Base; path = Base.lproj/LaunchScreen.xib; sourceTree = "<group>"; };
		28461B981AF543D3008DDA6D /* CalculatorTests.xctest */ = {isa = PBXFileReference; explicitFileType = wrapper.cfbundle; includeInIndex = 0; path = CalculatorTests.xctest; sourceTree = BUILT_PRODUCTS_DIR; };
		28461B9D1AF543D3008DDA6D /* Info.plist */ = {isa = PBXFileReference; lastKnownFileType = text.plist.xml; path = Info.plist; sourceTree = "<group>"; };
		28461B9E1AF543D3008DDA6D /* CalculatorTests.swift */ = {isa = PBXFileReference; lastKnownFileType = sourcecode.swift; path = CalculatorTests.swift; sourceTree = "<group>"; };
/* End PBXFileReference section */

/* Begin PBXFrameworksBuildPhase section */
		28461B801AF543D3008DDA6D /* Frameworks */ = {
			isa = PBXFrameworksBuildPhase;
			buildActionMask = 2147483647;
			files = (
			);
			runOnlyForDeploymentPostprocessing = 0;
		};
		28461B951AF543D3008DDA6D /* Frameworks */ = {
			isa = PBXFrameworksBuildPhase;
			buildActionMask = 2147483647;
			files = (
			);
			runOnlyForDeploymentPostprocessing = 0;
		};
/* End PBXFrameworksBuildPhase section */

/* Begin PBXGroup section */
		28461B7A1AF543D3008DDA6D = {
			isa = PBXGroup;
			children = (
				28461B851AF543D3008DDA6D /* Calculator */,
				28461B9B1AF543D3008DDA6D /* CalculatorTests */,
				28461B841AF543D3008DDA6D /* Products */,
			);
			sourceTree = "<group>";
		};
		28461B841AF543D3008DDA6D /* Products */ = {
			isa = PBXGroup;
			children = (
				28461B831AF543D3008DDA6D /* Calculator.app */,
				28461B981AF543D3008DDA6D /* CalculatorTests.xctest */,
			);
			name = Products;
			sourceTree = "<group>";
		};
		28461B851AF543D3008DDA6D /* Calculator */ = {
			isa = PBXGroup;
			children = (
				28461B881AF543D3008DDA6D /* AppDelegate.swift */,
				28461B8A1AF543D3008DDA6D /* ViewController.swift */,
				28461B8C1AF543D3008DDA6D /* Main.storyboard */,
				28461B8F1AF543D3008DDA6D /* Images.xcassets */,
				28461B911AF543D3008DDA6D /* LaunchScreen.xib */,
				28461B861AF543D3008DDA6D /* Supporting Files */,
			);
			path = Calculator;
			sourceTree = "<group>";
		};
		28461B861AF543D3008DDA6D /* Supporting Files */ = {
			isa = PBXGroup;
			children = (
				28461B871AF543D3008DDA6D /* Info.plist */,
			);
			name = "Supporting Files";
			sourceTree = "<group>";
		};
		28461B9B1AF543D3008DDA6D /* CalculatorTests */ = {
			isa = PBXGroup;
			children = (
				28461B9E1AF543D3008DDA6D /* CalculatorTests.swift */,
				28461B9C1AF543D3008DDA6D /* Supporting Files */,
			);
			path = CalculatorTests;
			sourceTree = "<group>";
		};
		28461B9C1AF543D3008DDA6D /* Supporting Files */ = {
			isa = PBXGroup;
			children = (
				28461B9D1AF543D3008DDA6D /* Info.plist */,
			);
			name = "Supporting Files";
			sourceTree = "<group>";
		};
/* End PBXGroup section */

/* Begin PBXNativeTarget section */
		28461B821AF543D3008DDA6D /* Calculator */ = {
			isa = PBXNativeTarget;
			buildConfigurationList = 28461BA21AF543D3008DDA6D /* Build configuration list for PBXNativeTarget "Calculator" */;
			buildPhases = (
				28461B7F1AF543D3008DDA6D /* Sources */,
				28461B801AF543D3008DDA6D /* Frameworks */,
				28461B811AF543D3008DDA6D /* Resources */,
			);
			buildRules = (
			);
			dependencies = (
			);
			name = Calculator;
			productName = Calculator;
			productReference = 28461B831AF543D3008DDA6D /* Calculator.app */;
			productType = "com.apple.product-type.application";
		};
		28461B971AF543D3008DDA6D /* CalculatorTests */ = {
			isa = PBXNativeTarget;
			buildConfigurationList = 28461BA51AF543D3008DDA6D /* Build configuration list for PBXNativeTarget "CalculatorTests" */;
			buildPhases = (
				28461B941AF543D3008DDA6D /* Sources */,
				28461B951AF543D3008DDA6D /* Frameworks */,
				28461B961AF543D3008DDA6D /* Resources */,
			);
			buildRules = (
			);
			dependencies = (
				28461B9A1AF543D3008DDA6D /* PBXTargetDependency */,
			);
			name = CalculatorTests;
			productName = CalculatorTests;
			productReference = 28461B981AF543D3008DDA6D /* CalculatorTests.xctest */;
			productType = "com.apple.product-type.bundle.unit-test";
		};
/* End PBXNativeTarget section */

/* Begin PBXProject section */
		28461B7B1AF543D3008DDA6D /* Project object */ = {
			isa = PBXProject;
			attributes = {
				LastUpgradeCheck = 0630;
				ORGANIZATIONNAME = "Jorik Schouten";
				TargetAttributes = {
					28461B821AF543D3008DDA6D = {
						CreatedOnToolsVersion = 6.3;
					};
					28461B971AF543D3008DDA6D = {
						CreatedOnToolsVersion = 6.3;
						TestTargetID = 28461B821AF543D3008DDA6D;
					};
				};
			};
			buildConfigurationList = 28461B7E1AF543D3008DDA6D /* Build configuration list for PBXProject "Calculator" */;
			compatibilityVersion = "Xcode 3.2";
			developmentRegion = English;
			hasScannedForEncodings = 0;
			knownRegions = (
				en,
				Base,
			);
			mainGroup = 28461B7A1AF543D3008DDA6D;
			productRefGroup = 28461B841AF543D3008DDA6D /* Products */;
			projectDirPath = "";
			projectRoot = "";
			targets = (
				28461B821AF543D3008DDA6D /* Calculator */,
				28461B971AF543D3008DDA6D /* CalculatorTests */,
			);
		};
/* End PBXProject section */

/* Begin PBXResourcesBuildPhase section */
		28461B811AF543D3008DDA6D /* Resources */ = {
			isa = PBXResourcesBuildPhase;
			buildActionMask = 2147483647;
			files = (
				28461B8E1AF543D3008DDA6D /* Main.storyboard in Resources */,
				28461B931AF543D3008DDA6D /* LaunchScreen.xib in Resources */,
				28461B901AF543D3008DDA6D /* Images.xcassets in Resources */,
			);
			runOnlyForDeploymentPostprocessing = 0;
		};
		28461B961AF543D3008DDA6D /* Resources */ = {
			isa = PBXResourcesBuildPhase;
			buildActionMask = 2147483647;
			files = (
			);
			runOnlyForDeploymentPostprocessing = 0;
		};
/* End PBXResourcesBuildPhase section */

/* Begin PBXSourcesBuildPhase section */
		28461B7F1AF543D3008DDA6D /* Sources */ = {
			isa = PBXSourcesBuildPhase;
			buildActionMask = 2147483647;
			files = (
				28461B8B1AF543D3008DDA6D /* ViewController.swift in Sources */,
				28461B891AF543D3008DDA6D /* AppDelegate.swift in Sources */,
			);
			runOnlyForDeploymentPostprocessing = 0;
		};
		28461B941AF543D3008DDA6D /* Sources */ = {
			isa = PBXSourcesBuildPhase;
			buildActionMask = 2147483647;
			files = (
				28461B9F1AF543D3008DDA6D /* CalculatorTests.swift in Sources */,
			);
			runOnlyForDeploymentPostprocessing = 0;
		};
/* End PBXSourcesBuildPhase section */

/* Begin PBXTargetDependency section */
		28461B9A1AF543D3008DDA6D /* PBXTargetDependency */ = {
			isa = PBXTargetDependency;
			target = 28461B821AF543D3008DDA6D /* Calculator */;
			targetProxy = 28461B991AF543D3008DDA6D /* PBXContainerItemProxy */;
		};
/* End PBXTargetDependency section */

/* Begin PBXVariantGroup section */
		28461B8C1AF543D3008DDA6D /* Main.storyboard */ = {
			isa = PBXVariantGroup;
			children = (
				28461B8D1AF543D3008DDA6D /* Base */,
			);
			name = Main.storyboard;
			sourceTree = "<group>";
		};
		28461B911AF543D3008DDA6D /* LaunchScreen.xib */ = {
			isa = PBXVariantGroup;
			children = (
				28461B921AF543D3008DDA6D /* Base */,
			);
			name = LaunchScreen.xib;
			sourceTree = "<group>";
		};
/* End PBXVariantGroup section */

/* Begin XCBuildConfiguration section */
		28461BA01AF543D3008DDA6D /* Debug */ = {
			isa = XCBuildConfiguration;
			buildSettings = {
				ALWAYS_SEARCH_USER_PATHS = NO;
				CLANG_CXX_LANGUAGE_STANDARD = "gnu++0x";
				CLANG_CXX_LIBRARY = "libc++";
				CLANG_ENABLE_MODULES = YES;
				CLANG_ENABLE_OBJC_ARC = YES;
				CLANG_WARN_BOOL_CONVERSION = YES;
				CLANG_WARN_CONSTANT_CONVERSION = YES;
				CLANG_WARN_DIRECT_OBJC_ISA_USAGE = YES_ERROR;
				CLANG_WARN_EMPTY_BODY = YES;
				CLANG_WARN_ENUM_CONVERSION = YES;
				CLANG_WARN_INT_CONVERSION = YES;
				CLANG_WARN_OBJC_ROOT_CLASS = YES_ERROR;
				CLANG_WARN_UNREACHABLE_CODE = YES;
				CLANG_WARN__DUPLICATE_METHOD_MATCH = YES;
				"CODE_SIGN_IDENTITY[sdk=iphoneos*]" = "iPhone Developer";
				COPY_PHASE_STRIP = NO;
				DEBUG_INFORMATION_FORMAT = "dwarf-with-dsym";
				ENABLE_STRICT_OBJC_MSGSEND = YES;
				GCC_C_LANGUAGE_STANDARD = gnu99;
				GCC_DYNAMIC_NO_PIC = NO;
				GCC_NO_COMMON_BLOCKS = YES;
				GCC_OPTIMIZATION_LEVEL = 0;
				GCC_PREPROCESSOR_DEFINITIONS = (
					"DEBUG=1",
					"$(inherited)",
				);
				GCC_SYMBOLS_PRIVATE_EXTERN = NO;
				GCC_WARN_64_TO_32_BIT_CONVERSION = YES;
				GCC_WARN_ABOUT_RETURN_TYPE = YES_ERROR;
				GCC_WARN_UNDECLARED_SELECTOR = YES;
				GCC_WARN_UNINITIALIZED_AUTOS = YES_AGGRESSIVE;
				GCC_WARN_UNUSED_FUNCTION = YES;
				GCC_WARN_UNUSED_VARIABLE = YES;
				IPHONEOS_DEPLOYMENT_TARGET = 8.3;
				MTL_ENABLE_DEBUG_INFO = YES;
				ONLY_ACTIVE_ARCH = YES;
				SDKROOT = iphoneos;
				SWIFT_OPTIMIZATION_LEVEL = "-Onone";
				TARGETED_DEVICE_FAMILY = "1,2";
			};
			name = Debug;
		};
		28461BA11AF543D3008DDA6D /* Release */ = {
			isa = XCBuildConfiguration;
			buildSettings = {
				ALWAYS_SEARCH_USER_PATHS = NO;
				CLANG_CXX_LANGUAGE_STANDARD = "gnu++0x";
				CLANG_CXX_LIBRARY = "libc++";
				CLANG_ENABLE_MODULES = YES;
				CLANG_ENABLE_OBJC_ARC = YES;
				CLANG_WARN_BOOL_CONVERSION = YES;
				CLANG_WARN_CONSTANT_CONVERSION = YES;
				CLANG_WARN_DIRECT_OBJC_ISA_USAGE = YES_ERROR;
				CLANG_WARN_EMPTY_BODY = YES;
				CLANG_WARN_ENUM_CONVERSION = YES;
				CLANG_WARN_INT_CONVERSION = YES;
				CLANG_WARN_OBJC_ROOT_CLASS = YES_ERROR;
				CLANG_WARN_UNREACHABLE_CODE = YES;
				CLANG_WARN__DUPLICATE_METHOD_MATCH = YES;
				"CODE_SIGN_IDENTITY[sdk=iphoneos*]" = "iPhone Developer";
				COPY_PHASE_STRIP = NO;
				DEBUG_INFORMATION_FORMAT = "dwarf-with-dsym";
				ENABLE_NS_ASSERTIONS = NO;
				ENABLE_STRICT_OBJC_MSGSEND = YES;
				GCC_C_LANGUAGE_STANDARD = gnu99;
				GCC_NO_COMMON_BLOCKS = YES;
				GCC_WARN_64_TO_32_BIT_CONVERSION = YES;
				GCC_WARN_ABOUT_RETURN_TYPE = YES_ERROR;
				GCC_WARN_UNDECLARED_SELECTOR = YES;
				GCC_WARN_UNINITIALIZED_AUTOS = YES_AGGRESSIVE;
				GCC_WARN_UNUSED_FUNCTION = YES;
				GCC_WARN_UNUSED_VARIABLE = YES;
				IPHONEOS_DEPLOYMENT_TARGET = 8.3;
				MTL_ENABLE_DEBUG_INFO = NO;
				SDKROOT = iphoneos;
				TARGETED_DEVICE_FAMILY = "1,2";
				VALIDATE_PRODUCT = YES;
			};
			name = Release;
		};
		28461BA31AF543D3008DDA6D /* Debug */ = {
			isa = XCBuildConfiguration;
			buildSettings = {
				ASSETCATALOG_COMPILER_APPICON_NAME = AppIcon;
				INFOPLIST_FILE = Calculator/Info.plist;
				LD_RUNPATH_SEARCH_PATHS = "$(inherited) @executable_path/Frameworks";
				PRODUCT_NAME = "$(TARGET_NAME)";
			};
			name = Debug;
		};
		28461BA41AF543D3008DDA6D /* Release */ = {
			isa = XCBuildConfiguration;
			buildSettings = {
				ASSETCATALOG_COMPILER_APPICON_NAME = AppIcon;
				INFOPLIST_FILE = Calculator/Info.plist;
				LD_RUNPATH_SEARCH_PATHS = "$(inherited) @executable_path/Frameworks";
				PRODUCT_NAME = "$(TARGET_NAME)";
			};
			name = Release;
		};
		28461BA61AF543D3008DDA6D /* Debug */ = {
			isa = XCBuildConfiguration;
			buildSettings = {
				BUNDLE_LOADER = "$(TEST_HOST)";
				FRAMEWORK_SEARCH_PATHS = (
					"$(SDKROOT)/Developer/Library/Frameworks",
					"$(inherited)",
				);
				GCC_PREPROCESSOR_DEFINITIONS = (
					"DEBUG=1",
					"$(inherited)",
				);
				INFOPLIST_FILE = CalculatorTests/Info.plist;
				LD_RUNPATH_SEARCH_PATHS = "$(inherited) @executable_path/Frameworks @loader_path/Frameworks";
				PRODUCT_NAME = "$(TARGET_NAME)";
				TEST_HOST = "$(BUILT_PRODUCTS_DIR)/Calculator.app/Calculator";
			};
			name = Debug;
		};
		28461BA71AF543D3008DDA6D /* Release */ = {
			isa = XCBuildConfiguration;
			buildSettings = {
				BUNDLE_LOADER = "$(TEST_HOST)";
				FRAMEWORK_SEARCH_PATHS = (
					"$(SDKROOT)/Developer/Library/Frameworks",
					"$(inherited)",
				);
				INFOPLIST_FILE = CalculatorTests/Info.plist;
				LD_RUNPATH_SEARCH_PATHS = "$(inherited) @executable_path/Frameworks @loader_path/Frameworks";
				PRODUCT_NAME = "$(TARGET_NAME)";
				TEST_HOST = "$(BUILT_PRODUCTS_DIR)/Calculator.app/Calculator";
			};
			name = Release;
		};
/* End XCBuildConfiguration section */

/* Begin XCConfigurationList section */
		28461B7E1AF543D3008DDA6D /* Build configuration list for PBXProject "Calculator" */ = {
			isa = XCConfigurationList;
			buildConfigurations = (
				28461BA01AF543D3008DDA6D /* Debug */,
				28461BA11AF543D3008DDA6D /* Release */,
			);
			defaultConfigurationIsVisible = 0;
			defaultConfigurationName = Release;
		};
		28461BA21AF543D3008DDA6D /* Build configuration list for PBXNativeTarget "Calculator" */ = {
			isa = XCConfigurationList;
			buildConfigurations = (
				28461BA31AF543D3008DDA6D /* Debug */,
				28461BA41AF543D3008DDA6D /* Release */,
			);
			defaultConfigurationIsVisible = 0;
		};
		28461BA51AF543D3008DDA6D /* Build configuration list for PBXNativeTarget "CalculatorTests" */ = {
			isa = XCConfigurationList;
			buildConfigurations = (
				28461BA61AF543D3008DDA6D /* Debug */,
				28461BA71AF543D3008DDA6D /* Release */,
			);
			defaultConfigurationIsVisible = 0;
		};
/* End XCConfigurationList section */
	};
	rootObject = 28461B7B1AF543D3008DDA6D /* Project object */;
}
